
Microsoft Visual Studio Solution File, Format Version 12.00
# Visual Studio Version 16
VisualStudioVersion = 16.0.31019.35
MinimumVisualStudioVersion = 10.0.40219.1
Project("{9A19103F-16F7-4668-BE54-9A1E7A4F7556}") = "BlavtBudget", "BlavtBudget\BlavtBudget.csproj", "{B826FB20-0895-4349-B336-0BE670CB8DBF}"
EndProject
Project("{2150E333-8FDC-42A3-9474-1A3956D46DE8}") = "Tests", "Tests", "{EDD06025-F722-4480-9FCE-BCB20B6A35FB}"
EndProject
Project("{9A19103F-16F7-4668-BE54-9A1E7A4F7556}") = "BudgetTests", "BudgetTests\BudgetTests.csproj", "{1AE71581-5077-465F-A39C-C6551582E0F6}"
EndProject
Project("{9A19103F-16F7-4668-BE54-9A1E7A4F7556}") = "BudgetsWPF", "GUI\BudgetsWPF\BudgetsWPF.csproj", "{1CA926E6-C195-4D41-8A87-A5C681F7B845}"
EndProject
Project("{9A19103F-16F7-4668-BE54-9A1E7A4F7556}") = "Models", "Models\Models.csproj", "{9DBFA9D8-F40E-401D-BDB3-9F87D83AA82A}"
EndProject
Project("{9A19103F-16F7-4668-BE54-9A1E7A4F7556}") = "Services", "Services\Services.csproj", "{53D6EC3B-6FF2-4C0E-9B9B-9842F68A3512}"
EndProject
Project("{FAE04EC0-301F-11D3-BF4B-00C04F79EFBC}") = "DataStorage", "DataStorage\DataStorage.csproj", "{4A76AE9A-4BA7-4413-B251-E108B298B068}"
EndProject
Global
	GlobalSection(SolutionConfigurationPlatforms) = preSolution
		Debug|Any CPU = Debug|Any CPU
		Release|Any CPU = Release|Any CPU
	EndGlobalSection
	GlobalSection(ProjectConfigurationPlatforms) = postSolution
		{B826FB20-0895-4349-B336-0BE670CB8DBF}.Debug|Any CPU.ActiveCfg = Debug|Any CPU
		{B826FB20-0895-4349-B336-0BE670CB8DBF}.Debug|Any CPU.Build.0 = Debug|Any CPU
		{B826FB20-0895-4349-B336-0BE670CB8DBF}.Release|Any CPU.ActiveCfg = Release|Any CPU
		{B826FB20-0895-4349-B336-0BE670CB8DBF}.Release|Any CPU.Build.0 = Release|Any CPU
		{1AE71581-5077-465F-A39C-C6551582E0F6}.Debug|Any CPU.ActiveCfg = Debug|Any CPU
		{1AE71581-5077-465F-A39C-C6551582E0F6}.Debug|Any CPU.Build.0 = Debug|Any CPU
		{1AE71581-5077-465F-A39C-C6551582E0F6}.Release|Any CPU.ActiveCfg = Release|Any CPU
		{1AE71581-5077-465F-A39C-C6551582E0F6}.Release|Any CPU.Build.0 = Release|Any CPU
		{1CA926E6-C195-4D41-8A87-A5C681F7B845}.Debug|Any CPU.ActiveCfg = Debug|Any CPU
		{1CA926E6-C195-4D41-8A87-A5C681F7B845}.Debug|Any CPU.Build.0 = Debug|Any CPU
		{1CA926E6-C195-4D41-8A87-A5C681F7B845}.Release|Any CPU.ActiveCfg = Release|Any CPU
		{1CA926E6-C195-4D41-8A87-A5C681F7B845}.Release|Any CPU.Build.0 = Release|Any CPU
		{9DBFA9D8-F40E-401D-BDB3-9F87D83AA82A}.Debug|Any CPU.ActiveCfg = Debug|Any CPU
		{9DBFA9D8-F40E-401D-BDB3-9F87D83AA82A}.Debug|Any CPU.Build.0 = Debug|Any CPU
		{9DBFA9D8-F40E-401D-BDB3-9F87D83AA82A}.Release|Any CPU.ActiveCfg = Release|Any CPU
		{9DBFA9D8-F40E-401D-BDB3-9F87D83AA82A}.Release|Any CPU.Build.0 = Release|Any CPU
		{53D6EC3B-6FF2-4C0E-9B9B-9842F68A3512}.Debug|Any CPU.ActiveCfg = Debug|Any CPU
		{53D6EC3B-6FF2-4C0E-9B9B-9842F68A3512}.Debug|Any CPU.Build.0 = Debug|Any CPU
		{53D6EC3B-6FF2-4C0E-9B9B-9842F68A3512}.Release|Any CPU.ActiveCfg = Release|Any CPU
		{53D6EC3B-6FF2-4C0E-9B9B-9842F68A3512}.Release|Any CPU.Build.0 = Release|Any CPU
		{4A76AE9A-4BA7-4413-B251-E108B298B068}.Debug|Any CPU.ActiveCfg = Debug|Any CPU
		{4A76AE9A-4BA7-4413-B251-E108B298B068}.Debug|Any CPU.Build.0 = Debug|Any CPU
		{4A76AE9A-4BA7-4413-B251-E108B298B068}.Release|Any CPU.ActiveCfg = Release|Any CPU
		{4A76AE9A-4BA7-4413-B251-E108B298B068}.Release|Any CPU.Build.0 = Release|Any CPU
	EndGlobalSection
	GlobalSection(SolutionProperties) = preSolution
		HideSolutionNode = FALSE
	EndGlobalSection
	GlobalSection(NestedProjects) = preSolution
		{1AE71581-5077-465F-A39C-C6551582E0F6} = {EDD06025-F722-4480-9FCE-BCB20B6A35FB}
	EndGlobalSection
	GlobalSection(ExtensibilityGlobals) = postSolution
		SolutionGuid = {E6B26C16-1F86-4655-9D4E-5E7C811F00A1}
	EndGlobalSection
EndGlobal
